
Microsoft Visual Studio Solution File, Format Version 12.00
# Visual Studio Version 16
VisualStudioVersion = 16.0.29926.136
MinimumVisualStudioVersion = 10.0.40219.1
Project("{FAE04EC0-301F-11D3-BF4B-00C04F79EFBC}") = "TestWithLectors", "TestWithLectors\TestWithLectors.csproj", "{D60D0CF1-E49B-4C5B-829A-9A3031F59581}"
EndProject
Global
	GlobalSection(SolutionConfigurationPlatforms) = preSolution
		Debug|Any CPU = Debug|Any CPU
		Release|Any CPU = Release|Any CPU
	EndGlobalSection
	GlobalSection(ProjectConfigurationPlatforms) = postSolution
		{D60D0CF1-E49B-4C5B-829A-9A3031F59581}.Debug|Any CPU.ActiveCfg = Debug|Any CPU
		{D60D0CF1-E49B-4C5B-829A-9A3031F59581}.Debug|Any CPU.Build.0 = Debug|Any CPU
		{D60D0CF1-E49B-4C5B-829A-9A3031F59581}.Release|Any CPU.ActiveCfg = Release|Any CPU
		{D60D0CF1-E49B-4C5B-829A-9A3031F59581}.Release|Any CPU.Build.0 = Release|Any CPU
	EndGlobalSection
	GlobalSection(SolutionProperties) = preSolution
		HideSolutionNode = FALSE
	EndGlobalSection
	GlobalSection(ExtensibilityGlobals) = postSolution
		SolutionGuid = {47926F2A-9528-45C0-AA23-5D606694840C}
	EndGlobalSection
EndGlobal
